
Microsoft Visual Studio Solution File, Format Version 12.00
# Visual Studio Version 17
VisualStudioVersion = 17.4.33213.308
MinimumVisualStudioVersion = 10.0.40219.1
Project("{FAE04EC0-301F-11D3-BF4B-00C04F79EFBC}") = "Atividade3", "Atividade3.csproj", "{35B567F4-59D6-4DF2-BEC2-BBAA746F5A65}"
EndProject
Global
	GlobalSection(SolutionConfigurationPlatforms) = preSolution
		Debug|Any CPU = Debug|Any CPU
		Release|Any CPU = Release|Any CPU
	EndGlobalSection
	GlobalSection(ProjectConfigurationPlatforms) = postSolution
		{35B567F4-59D6-4DF2-BEC2-BBAA746F5A65}.Debug|Any CPU.ActiveCfg = Debug|Any CPU
		{35B567F4-59D6-4DF2-BEC2-BBAA746F5A65}.Debug|Any CPU.Build.0 = Debug|Any CPU
		{35B567F4-59D6-4DF2-BEC2-BBAA746F5A65}.Release|Any CPU.ActiveCfg = Release|Any CPU
		{35B567F4-59D6-4DF2-BEC2-BBAA746F5A65}.Release|Any CPU.Build.0 = Release|Any CPU
	EndGlobalSection
	GlobalSection(SolutionProperties) = preSolution
		HideSolutionNode = FALSE
	EndGlobalSection
	GlobalSection(ExtensibilityGlobals) = postSolution
		SolutionGuid = {247E10B3-A112-4874-B138-53C3612014A2}
	EndGlobalSection
EndGlobal
