
Microsoft Visual Studio Solution File, Format Version 12.00
# Visual Studio Version 17
VisualStudioVersion = 17.4.33213.308
MinimumVisualStudioVersion = 10.0.40219.1
Project("{FAE04EC0-301F-11D3-BF4B-00C04F79EFBC}") = "Atividade2PortugolParaCsharp", "Atividade2PortugolParaCsharp.csproj", "{36204D69-7FA5-459F-BC93-D63D44F1DF05}"
EndProject
Global
	GlobalSection(SolutionConfigurationPlatforms) = preSolution
		Debug|Any CPU = Debug|Any CPU
		Release|Any CPU = Release|Any CPU
	EndGlobalSection
	GlobalSection(ProjectConfigurationPlatforms) = postSolution
		{36204D69-7FA5-459F-BC93-D63D44F1DF05}.Debug|Any CPU.ActiveCfg = Debug|Any CPU
		{36204D69-7FA5-459F-BC93-D63D44F1DF05}.Debug|Any CPU.Build.0 = Debug|Any CPU
		{36204D69-7FA5-459F-BC93-D63D44F1DF05}.Release|Any CPU.ActiveCfg = Release|Any CPU
		{36204D69-7FA5-459F-BC93-D63D44F1DF05}.Release|Any CPU.Build.0 = Release|Any CPU
	EndGlobalSection
	GlobalSection(SolutionProperties) = preSolution
		HideSolutionNode = FALSE
	EndGlobalSection
	GlobalSection(ExtensibilityGlobals) = postSolution
		SolutionGuid = {D59DD4CB-8AE1-48B0-9C29-2CC3947CB3EA}
	EndGlobalSection
EndGlobal
