
Microsoft Visual Studio Solution File, Format Version 12.00
# Visual Studio Version 17
VisualStudioVersion = 17.4.33213.308
MinimumVisualStudioVersion = 10.0.40219.1
Project("{FAE04EC0-301F-11D3-BF4B-00C04F79EFBC}") = "Calcular consumo energetico", "Calcular consumo energetico.csproj", "{42BFEE73-F6E5-4098-84EA-460E52C314BC}"
EndProject
Global
	GlobalSection(SolutionConfigurationPlatforms) = preSolution
		Debug|Any CPU = Debug|Any CPU
		Release|Any CPU = Release|Any CPU
	EndGlobalSection
	GlobalSection(ProjectConfigurationPlatforms) = postSolution
		{42BFEE73-F6E5-4098-84EA-460E52C314BC}.Debug|Any CPU.ActiveCfg = Debug|Any CPU
		{42BFEE73-F6E5-4098-84EA-460E52C314BC}.Debug|Any CPU.Build.0 = Debug|Any CPU
		{42BFEE73-F6E5-4098-84EA-460E52C314BC}.Release|Any CPU.ActiveCfg = Release|Any CPU
		{42BFEE73-F6E5-4098-84EA-460E52C314BC}.Release|Any CPU.Build.0 = Release|Any CPU
	EndGlobalSection
	GlobalSection(SolutionProperties) = preSolution
		HideSolutionNode = FALSE
	EndGlobalSection
	GlobalSection(ExtensibilityGlobals) = postSolution
		SolutionGuid = {D5EAF190-E61A-4199-9109-F7722B29E140}
	EndGlobalSection
EndGlobal
